
Microsoft Visual Studio Solution File, Format Version 12.00
# Visual Studio Version 17
VisualStudioVersion = 17.7.34018.315
MinimumVisualStudioVersion = 10.0.40219.1
Project("{9A19103F-16F7-4668-BE54-9A1E7A4F7556}") = "Library", "Library\Library.csproj", "{1B7214C2-42A2-4C86-A4F1-711212A395EA}"
EndProject
Project("{9A19103F-16F7-4668-BE54-9A1E7A4F7556}") = "LibraryData", "LibraryData\LibraryData.csproj", "{B97E5367-8910-4D5E-80C9-919837CE0069}"
EndProject
Project("{9A19103F-16F7-4668-BE54-9A1E7A4F7556}") = "LibraryServices", "LibraryServices\LibraryServices.csproj", "{6BDFAE70-41E7-4531-B10E-21363F0B2E29}"
EndProject
Global
	GlobalSection(SolutionConfigurationPlatforms) = preSolution
		Debug|Any CPU = Debug|Any CPU
		Release|Any CPU = Release|Any CPU
	EndGlobalSection
	GlobalSection(ProjectConfigurationPlatforms) = postSolution
		{1B7214C2-42A2-4C86-A4F1-711212A395EA}.Debug|Any CPU.ActiveCfg = Debug|Any CPU
		{1B7214C2-42A2-4C86-A4F1-711212A395EA}.Debug|Any CPU.Build.0 = Debug|Any CPU
		{1B7214C2-42A2-4C86-A4F1-711212A395EA}.Release|Any CPU.ActiveCfg = Release|Any CPU
		{1B7214C2-42A2-4C86-A4F1-711212A395EA}.Release|Any CPU.Build.0 = Release|Any CPU
		{B97E5367-8910-4D5E-80C9-919837CE0069}.Debug|Any CPU.ActiveCfg = Debug|Any CPU
		{B97E5367-8910-4D5E-80C9-919837CE0069}.Debug|Any CPU.Build.0 = Debug|Any CPU
		{B97E5367-8910-4D5E-80C9-919837CE0069}.Release|Any CPU.ActiveCfg = Release|Any CPU
		{B97E5367-8910-4D5E-80C9-919837CE0069}.Release|Any CPU.Build.0 = Release|Any CPU
		{6BDFAE70-41E7-4531-B10E-21363F0B2E29}.Debug|Any CPU.ActiveCfg = Debug|Any CPU
		{6BDFAE70-41E7-4531-B10E-21363F0B2E29}.Debug|Any CPU.Build.0 = Debug|Any CPU
		{6BDFAE70-41E7-4531-B10E-21363F0B2E29}.Release|Any CPU.ActiveCfg = Release|Any CPU
		{6BDFAE70-41E7-4531-B10E-21363F0B2E29}.Release|Any CPU.Build.0 = Release|Any CPU
	EndGlobalSection
	GlobalSection(SolutionProperties) = preSolution
		HideSolutionNode = FALSE
	EndGlobalSection
	GlobalSection(ExtensibilityGlobals) = postSolution
		SolutionGuid = {D166BB3C-FF34-46C7-B458-FB50238E3E52}
	EndGlobalSection
EndGlobal
